
Microsoft Visual Studio Solution File, Format Version 12.00
# Visual Studio Version 16
VisualStudioVersion = 16.0.29123.88
MinimumVisualStudioVersion = 10.0.40219.1
Project("{FAE04EC0-301F-11D3-BF4B-00C04F79EFBC}") = "GP7ActivatorService", "GP7ActivatorService\GP7ActivatorService.csproj", "{35DFA8FA-6A3F-48A2-8C4A-0DA7BEA9E0F4}"
EndProject
Global
	GlobalSection(SolutionConfigurationPlatforms) = preSolution
		Debug|Any CPU = Debug|Any CPU
		Release|Any CPU = Release|Any CPU
	EndGlobalSection
	GlobalSection(ProjectConfigurationPlatforms) = postSolution
		{35DFA8FA-6A3F-48A2-8C4A-0DA7BEA9E0F4}.Debug|Any CPU.ActiveCfg = Debug|Any CPU
		{35DFA8FA-6A3F-48A2-8C4A-0DA7BEA9E0F4}.Debug|Any CPU.Build.0 = Debug|Any CPU
		{35DFA8FA-6A3F-48A2-8C4A-0DA7BEA9E0F4}.Release|Any CPU.ActiveCfg = Release|Any CPU
		{35DFA8FA-6A3F-48A2-8C4A-0DA7BEA9E0F4}.Release|Any CPU.Build.0 = Release|Any CPU
	EndGlobalSection
	GlobalSection(SolutionProperties) = preSolution
		HideSolutionNode = FALSE
	EndGlobalSection
	GlobalSection(ExtensibilityGlobals) = postSolution
		SolutionGuid = {4CBF658E-75B9-4F54-BDF7-D6192B4DD7A3}
	EndGlobalSection
EndGlobal
